# THIS IS AN AUTOGENERATED FILE. DO NOT EDIT THIS FILE DIRECTLY.
# yarn lockfile v1


wordcloud@^1.2.2:
  version "1.2.2"
  resolved "https://registry.yarnpkg.com/wordcloud/-/wordcloud-1.2.2.tgz#2d32a99d8ac6a54d8b56915be1d41928f205854d"
  integrity sha512-fUnDsGrHXou+49j1OeKaC7nOeZPx+sWjIet0L/j6eAcm0nXy+a+AuUs/iDAX4PLBg1Zc6wgXWXhoXdQsXRWAEw==
